<?xml version="1.0" encoding="utf-8"?>
<Project ToolsVersion="4.0" xmlns="http://schemas.microsoft.com/developer/msbuild/2003">
  <ItemGroup>
    <Filter Include="source">
      <UniqueIdentifier>{4FC737F1-C7A5-4376-A066-2A32D752A2FF}</UniqueIdentifier>
      <Extensions>cpp;c;cxx;def;odl;idl;hpj;bat;asm;asmx</Extensions>
    </Filter>
    <Filter Include="source\Managers">
      <UniqueIdentifier>{0be57194-2479-43c3-8fb7-135a18a649e1}</UniqueIdentifier>
    </Filter>
    <Filter Include="source\GUI">
      <UniqueIdentifier>{62ff00a6-73ad-45f8-a226-dcccfb3977c8}</UniqueIdentifier>
    </Filter>
    <Filter Include="source\Component">
      <UniqueIdentifier>{c5ee6b9d-91e5-46a6-85d7-cb986aaf3bd4}</UniqueIdentifier>
    </Filter>
    <Filter Include="shared">
      <UniqueIdentifier>{5747fd1c-7d8f-4e6f-b396-ce398be60c70}</UniqueIdentifier>
    </Filter>
    <Filter Include="shared\win">
      <UniqueIdentifier>{54119af4-5816-4825-a7ec-534cf6327720}</UniqueIdentifier>
    </Filter>
    <Filter Include="shared\util">
      <UniqueIdentifier>{c5a4e879-429e-49ae-a0e8-37e8c71d6d3b}</UniqueIdentifier>
    </Filter>
    <Filter Include="shared\util\Boost">
      <UniqueIdentifier>{66d08251-7b62-4962-875a-39c4136f30a6}</UniqueIdentifier>
    </Filter>
    <Filter Include="shared\util\unzip">
      <UniqueIdentifier>{983e487d-cee0-4d71-ab6a-975c20223b2e}</UniqueIdentifier>
    </Filter>
    <Filter Include="shared\iOS">
      <UniqueIdentifier>{e56e8370-1c18-4c5c-a63f-6ea5add945da}</UniqueIdentifier>
    </Filter>
    <Filter Include="shared\iOS\app">
      <UniqueIdentifier>{bdf9b09b-f789-4834-aaab-45461cfca9ec}</UniqueIdentifier>
    </Filter>
    <Filter Include="shared\Manager">
      <UniqueIdentifier>{c6cd1472-3ac6-458b-883e-7edae2f0dd6b}</UniqueIdentifier>
    </Filter>
    <Filter Include="shared\Renderer">
      <UniqueIdentifier>{27b42ff8-49e4-4b54-a735-03e43d81235b}</UniqueIdentifier>
    </Filter>
    <Filter Include="shared\Renderer\LinearParticle">
      <UniqueIdentifier>{4a6abbd0-fcc2-4fcb-9418-9b4961ff19f0}</UniqueIdentifier>
    </Filter>
    <Filter Include="shared\GUI">
      <UniqueIdentifier>{6505c8ec-a3ec-4c79-8427-2367cc1760fe}</UniqueIdentifier>
    </Filter>
    <Filter Include="shared\Entity">
      <UniqueIdentifier>{480367fb-ecc0-4c8a-99b7-2812557ba196}</UniqueIdentifier>
    </Filter>
    <Filter Include="shared\Entity\Component">
      <UniqueIdentifier>{5a449c58-3bf2-4fa9-a23a-0630fd448064}</UniqueIdentifier>
    </Filter>
    <Filter Include="shared\ClanLib">
      <UniqueIdentifier>{1a4613c1-7dad-4166-a68d-098b8533b4f0}</UniqueIdentifier>
    </Filter>
    <Filter Include="shared\ClanLib\Core">
      <UniqueIdentifier>{b5ed7463-3941-4200-a5c4-e17726e91aff}</UniqueIdentifier>
    </Filter>
    <Filter Include="shared\ClanLib\Core\Math">
      <UniqueIdentifier>{fcc10e85-5b01-485a-840d-a7fa3971ac17}</UniqueIdentifier>
    </Filter>
    <Filter Include="shared\ClanLib\Math">
      <UniqueIdentifier>{5c2a7597-af3b-4ecb-ade6-c5bd60cae5aa}</UniqueIdentifier>
    </Filter>
    <Filter Include="shared\Audio">
      <UniqueIdentifier>{2e2cd45e-df8b-40cc-bb1d-0812543acbff}</UniqueIdentifier>
    </Filter>
    <Filter Include="shared\Network">
      <UniqueIdentifier>{73287628-5efe-4ded-b307-dba3844d3ecd}</UniqueIdentifier>
    </Filter>
    <Filter Include="shared\Math">
      <UniqueIdentifier>{b16fcd44-808f-4ee9-b915-6f03b97da8e0}</UniqueIdentifier>
    </Filter>
    <Filter Include="shared\android">
      <UniqueIdentifier>{2e7e958d-0024-414a-b1c3-1f87513f5c03}</UniqueIdentifier>
    </Filter>
    <Filter Include="shared\android\app">
      <UniqueIdentifier>{625fdde2-5be3-4b1e-9248-2d61bb4c0a54}</UniqueIdentifier>
    </Filter>
    <Filter Include="shared\FileSystem">
      <UniqueIdentifier>{055d72a6-5fbe-42f3-b675-d0d3966e4e89}</UniqueIdentifier>
    </Filter>
    <Filter Include="shared\OSX">
      <UniqueIdentifier>{7ead58be-8c96-4308-b2c6-2744a9ce86c4}</UniqueIdentifier>
    </Filter>
    <Filter Include="shared\OSX\app">
      <UniqueIdentifier>{6565a348-b97c-4ad0-aef3-2802067dc8c5}</UniqueIdentifier>
    </Filter>
    <Filter Include="shared\Gamepad">
      <UniqueIdentifier>{2b065155-1daf-49f0-b521-aa10f5f790d2}</UniqueIdentifier>
    </Filter>
    <Filter Include="shared\SDL">
      <UniqueIdentifier>{7074e19e-0dd4-4b3f-a1af-4a46fcac0d81}</UniqueIdentifier>
    </Filter>
    <Filter Include="source\Platform">
      <UniqueIdentifier>{32da0b48-367e-4065-9bb1-1e55645c53d7}</UniqueIdentifier>
    </Filter>
    <Filter Include="source\Platform\OSX">
      <UniqueIdentifier>{db91bb80-def0-42db-803d-c0068ed5a580}</UniqueIdentifier>
    </Filter>
    <Filter Include="source\Platform\iOS">
      <UniqueIdentifier>{1867af15-86cb-4ff6-b623-83fa543a4b5e}</UniqueIdentifier>
    </Filter>
    <Filter Include="source\Platform\android">
      <UniqueIdentifier>{845336bf-27ac-4672-ac98-5d03bee881b5}</UniqueIdentifier>
    </Filter>
    <Filter Include="source\Platform\android\proguard">
      <UniqueIdentifier>{9309b682-90f9-402c-baf2-269006967726}</UniqueIdentifier>
    </Filter>
    <Filter Include="source\Platform\Linux">
      <UniqueIdentifier>{24279f74-f5d5-4962-be01-27b58ee08085}</UniqueIdentifier>
    </Filter>
    <Filter Include="shared\Linux">
      <UniqueIdentifier>{a9c1ad94-572f-4fa6-af64-a33715899562}</UniqueIdentifier>
    </Filter>
  </ItemGroup>
  <ItemGroup>
    <ClCompile Include="..\source\App.cpp">
      <Filter>source</Filter>
    </ClCompile>
    <ClCompile Include="..\..\shared\win\app\main.cpp">
      <Filter>source</Filter>
    </ClCompile>
    <ClCompile Include="..\source\GUI\AboutMenu.cpp">
      <Filter>source\GUI</Filter>
    </ClCompile>
    <ClCompile Include="..\source\GUI\GameMenu.cpp">
      <Filter>source\GUI</Filter>
    </ClCompile>
    <ClCompile Include="..\source\GUI\MainMenu.cpp">
      <Filter>source\GUI</Filter>
    </ClCompile>
    <ClCompile Include="..\source\Component\BuildingComponent.cpp">
      <Filter>source\Component</Filter>
    </ClCompile>
    <ClCompile Include="..\source\Component\CharComponent.cpp">
      <Filter>source\Component</Filter>
    </ClCompile>
    <ClCompile Include="..\source\Component\CharManagerComponent.cpp">
      <Filter>source\Component</Filter>
    </ClCompile>
    <ClCompile Include="..\source\Component\ExplosionComponent.cpp">
      <Filter>source\Component</Filter>
    </ClCompile>
    <ClCompile Include="..\source\Component\OverlayRenderComponentSpy.cpp">
      <Filter>source\Component</Filter>
    </ClCompile>
    <ClCompile Include="..\..\shared\BaseApp.cpp">
      <Filter>shared</Filter>
    </ClCompile>
    <ClCompile Include="..\..\shared\PlatformPrecomp.cpp">
      <Filter>shared</Filter>
    </ClCompile>
    <ClCompile Include="..\..\shared\PlatformSetup.cpp">
      <Filter>shared</Filter>
    </ClCompile>
    <ClCompile Include="..\..\shared\win\MemMgr.cpp">
      <Filter>shared\win</Filter>
    </ClCompile>
    <ClCompile Include="..\..\shared\win\WinUtils.cpp">
      <Filter>shared\win</Filter>
    </ClCompile>
    <ClCompile Include="..\..\shared\util\CRandom.cpp">
      <Filter>shared\util</Filter>
    </ClCompile>
    <ClCompile Include="..\..\shared\util\GLESUtils.cpp">
      <Filter>shared\util</Filter>
    </ClCompile>
    <ClCompile Include="..\..\shared\util\MathUtils.cpp">
      <Filter>shared\util</Filter>
    </ClCompile>
    <ClCompile Include="..\..\shared\util\MiscUtils.cpp">
      <Filter>shared\util</Filter>
    </ClCompile>
    <ClCompile Include="..\..\shared\util\PrimeSearch.cpp">
      <Filter>shared\util</Filter>
    </ClCompile>
    <ClCompile Include="..\..\shared\util\RenderUtils.cpp">
      <Filter>shared\util</Filter>
    </ClCompile>
    <ClCompile Include="..\..\shared\util\ResourceUtils.cpp">
      <Filter>shared\util</Filter>
    </ClCompile>
    <ClCompile Include="..\..\shared\util\TextScanner.cpp">
      <Filter>shared\util</Filter>
    </ClCompile>
    <ClCompile Include="..\..\shared\util\Variant.cpp">
      <Filter>shared\util</Filter>
    </ClCompile>
    <ClCompile Include="..\..\shared\util\boost\libs\signals\src\connection.cpp">
      <Filter>shared\util\Boost</Filter>
    </ClCompile>
    <ClCompile Include="..\..\shared\util\boost\libs\signals\src\named_slot_map.cpp">
      <Filter>shared\util\Boost</Filter>
    </ClCompile>
    <ClCompile Include="..\..\shared\util\boost\libs\signals\src\signal_base.cpp">
      <Filter>shared\util\Boost</Filter>
    </ClCompile>
    <ClCompile Include="..\..\shared\util\boost\libs\signals\src\slot.cpp">
      <Filter>shared\util\Boost</Filter>
    </ClCompile>
    <ClCompile Include="..\..\shared\util\boost\libs\signals\src\trackable.cpp">
      <Filter>shared\util\Boost</Filter>
    </ClCompile>
    <ClCompile Include="..\..\shared\util\unzip\ioapi.c">
      <Filter>shared\util\unzip</Filter>
    </ClCompile>
    <ClCompile Include="..\..\shared\util\unzip\unzip.c">
      <Filter>shared\util\unzip</Filter>
    </ClCompile>
    <ClCompile Include="..\..\shared\Manager\Console.cpp">
      <Filter>shared\Manager</Filter>
    </ClCompile>
    <ClCompile Include="..\..\shared\Manager\GameTimer.cpp">
      <Filter>shared\Manager</Filter>
    </ClCompile>
    <ClCompile Include="..\..\shared\Manager\MessageManager.cpp">
      <Filter>shared\Manager</Filter>
    </ClCompile>
    <ClCompile Include="..\..\shared\Manager\ResourceManager.cpp">
      <Filter>shared\Manager</Filter>
    </ClCompile>
    <ClCompile Include="..\..\shared\Manager\VariantDB.cpp">
      <Filter>shared\Manager</Filter>
    </ClCompile>
    <ClCompile Include="..\..\shared\Renderer\RenderBatcher.cpp">
      <Filter>shared\Renderer</Filter>
    </ClCompile>
    <ClCompile Include="..\..\shared\Renderer\RTGLESExt.cpp">
      <Filter>shared\Renderer</Filter>
    </ClCompile>
    <ClCompile Include="..\..\shared\Renderer\SoftSurface.cpp">
      <Filter>shared\Renderer</Filter>
    </ClCompile>
    <ClCompile Include="..\..\shared\Renderer\Surface.cpp">
      <Filter>shared\Renderer</Filter>
    </ClCompile>
    <ClCompile Include="..\..\shared\Renderer\SurfaceAnim.cpp">
      <Filter>shared\Renderer</Filter>
    </ClCompile>
    <ClCompile Include="..\..\shared\Renderer\linearparticle\sources\L_Defination.cpp">
      <Filter>shared\Renderer\LinearParticle</Filter>
    </ClCompile>
    <ClCompile Include="..\..\shared\Renderer\linearparticle\sources\L_DroppingEffect.cpp">
      <Filter>shared\Renderer\LinearParticle</Filter>
    </ClCompile>
    <ClCompile Include="..\..\shared\Renderer\linearparticle\sources\L_EffectEmitter.cpp">
      <Filter>shared\Renderer\LinearParticle</Filter>
    </ClCompile>
    <ClCompile Include="..\..\shared\Renderer\linearparticle\sources\L_EffectManager.cpp">
      <Filter>shared\Renderer\LinearParticle</Filter>
    </ClCompile>
    <ClCompile Include="..\..\shared\Renderer\linearparticle\sources\L_ExplosionEffect.cpp">
      <Filter>shared\Renderer\LinearParticle</Filter>
    </ClCompile>
    <ClCompile Include="..\..\shared\Renderer\linearparticle\sources\L_MotionController.cpp">
      <Filter>shared\Renderer\LinearParticle</Filter>
    </ClCompile>
    <ClCompile Include="..\..\shared\Renderer\linearparticle\sources\L_Particle.cpp">
      <Filter>shared\Renderer\LinearParticle</Filter>
    </ClCompile>
    <ClCompile Include="..\..\shared\Renderer\linearparticle\sources\L_ParticleEffect.cpp">
      <Filter>shared\Renderer\LinearParticle</Filter>
    </ClCompile>
    <ClCompile Include="..\..\shared\Renderer\linearparticle\sources\L_ParticleMem.cpp">
      <Filter>shared\Renderer\LinearParticle</Filter>
    </ClCompile>
    <ClCompile Include="..\..\shared\Renderer\linearparticle\sources\L_ParticleSystem.cpp">
      <Filter>shared\Renderer\LinearParticle</Filter>
    </ClCompile>
    <ClCompile Include="..\..\shared\Renderer\linearparticle\sources\L_ShootingEffect.cpp">
      <Filter>shared\Renderer\LinearParticle</Filter>
    </ClCompile>
    <ClCompile Include="..\..\shared\GUI\RTFont.cpp">
      <Filter>shared\GUI</Filter>
    </ClCompile>
    <ClCompile Include="..\..\shared\Entity\Component.cpp">
      <Filter>shared\Entity</Filter>
    </ClCompile>
    <ClCompile Include="..\..\shared\Entity\Entity.cpp">
      <Filter>shared\Entity</Filter>
    </ClCompile>
    <ClCompile Include="..\..\shared\Entity\EntityUtils.cpp">
      <Filter>shared\Entity</Filter>
    </ClCompile>
    <ClCompile Include="..\..\shared\Entity\ArcadeInputComponent.cpp">
      <Filter>shared\Entity\Component</Filter>
    </ClCompile>
    <ClCompile Include="..\..\shared\Entity\Button2DComponent.cpp">
      <Filter>shared\Entity\Component</Filter>
    </ClCompile>
    <ClCompile Include="..\..\shared\Entity\CustomInputComponent.cpp">
      <Filter>shared\Entity\Component</Filter>
    </ClCompile>
    <ClCompile Include="..\..\shared\Entity\DPadComponent.cpp">
      <Filter>shared\Entity\Component</Filter>
    </ClCompile>
    <ClCompile Include="..\..\shared\Entity\EmitVirtualKeyComponent.cpp">
      <Filter>shared\Entity\Component</Filter>
    </ClCompile>
    <ClCompile Include="..\..\shared\Entity\FilterInputComponent.cpp">
      <Filter>shared\Entity\Component</Filter>
    </ClCompile>
    <ClCompile Include="..\..\shared\Entity\FocusInputComponent.cpp">
      <Filter>shared\Entity\Component</Filter>
    </ClCompile>
    <ClCompile Include="..\..\shared\Entity\FocusRenderComponent.cpp">
      <Filter>shared\Entity\Component</Filter>
    </ClCompile>
    <ClCompile Include="..\..\shared\Entity\FocusUpdateComponent.cpp">
      <Filter>shared\Entity\Component</Filter>
    </ClCompile>
    <ClCompile Include="..\..\shared\Entity\HTTPComponent.cpp">
      <Filter>shared\Entity\Component</Filter>
    </ClCompile>
    <ClCompile Include="..\..\shared\Entity\InputTextRenderComponent.cpp">
      <Filter>shared\Entity\Component</Filter>
    </ClCompile>
    <ClCompile Include="..\..\shared\Entity\InterpolateComponent.cpp">
      <Filter>shared\Entity\Component</Filter>
    </ClCompile>
    <ClCompile Include="..\..\shared\Entity\OverlayRenderComponent.cpp">
      <Filter>shared\Entity\Component</Filter>
    </ClCompile>
    <ClCompile Include="..\..\shared\Entity\ProgressBarComponent.cpp">
      <Filter>shared\Entity\Component</Filter>
    </ClCompile>
    <ClCompile Include="..\..\shared\Entity\RectRenderComponent.cpp">
      <Filter>shared\Entity\Component</Filter>
    </ClCompile>
    <ClCompile Include="..\..\shared\Entity\ScrollBarRenderComponent.cpp">
      <Filter>shared\Entity\Component</Filter>
    </ClCompile>
    <ClCompile Include="..\..\shared\Entity\ScrollComponent.cpp">
      <Filter>shared\Entity\Component</Filter>
    </ClCompile>
    <ClCompile Include="..\..\shared\Entity\SelectButtonWithCustomInputComponent.cpp">
      <Filter>shared\Entity\Component</Filter>
    </ClCompile>
    <ClCompile Include="..\..\shared\Entity\SliderComponent.cpp">
      <Filter>shared\Entity\Component</Filter>
    </ClCompile>
    <ClCompile Include="..\..\shared\Entity\TapSequenceDetectComponent.cpp">
      <Filter>shared\Entity\Component</Filter>
    </ClCompile>
    <ClCompile Include="..\..\shared\Entity\TemplateComponent.cpp">
      <Filter>shared\Entity\Component</Filter>
    </ClCompile>
    <ClCompile Include="..\..\shared\Entity\TextBoxRenderComponent.cpp">
      <Filter>shared\Entity\Component</Filter>
    </ClCompile>
    <ClCompile Include="..\..\shared\Entity\TextRenderComponent.cpp">
      <Filter>shared\Entity\Component</Filter>
    </ClCompile>
    <ClCompile Include="..\..\shared\Entity\TouchHandlerComponent.cpp">
      <Filter>shared\Entity\Component</Filter>
    </ClCompile>
    <ClCompile Include="..\..\shared\Entity\TouchStripComponent.cpp">
      <Filter>shared\Entity\Component</Filter>
    </ClCompile>
    <ClCompile Include="..\..\shared\Entity\TrailRenderComponent.cpp">
      <Filter>shared\Entity\Component</Filter>
    </ClCompile>
    <ClCompile Include="..\..\shared\Entity\TyperComponent.cpp">
      <Filter>shared\Entity\Component</Filter>
    </ClCompile>
    <ClCompile Include="..\..\shared\Entity\UnderlineRenderComponent.cpp">
      <Filter>shared\Entity\Component</Filter>
    </ClCompile>
    <ClCompile Include="..\..\shared\ClanLib-2.0\Sources\Core\Math\angle.cpp">
      <Filter>shared\ClanLib\Core\Math</Filter>
    </ClCompile>
    <ClCompile Include="..\..\shared\ClanLib-2.0\Sources\Core\Math\mat3.cpp">
      <Filter>shared\ClanLib\Core\Math</Filter>
    </ClCompile>
    <ClCompile Include="..\..\shared\ClanLib-2.0\Sources\Core\Math\mat4.cpp">
      <Filter>shared\ClanLib\Core\Math</Filter>
    </ClCompile>
    <ClCompile Include="..\..\shared\ClanLib-2.0\Sources\Core\Math\rect.cpp">
      <Filter>shared\ClanLib\Core\Math</Filter>
    </ClCompile>
    <ClCompile Include="..\..\shared\ClanLib-2.0\Sources\Core\Math\vec2.cpp">
      <Filter>shared\ClanLib\Core\Math</Filter>
    </ClCompile>
    <ClCompile Include="..\..\shared\ClanLib-2.0\Sources\Core\Math\vec3.cpp">
      <Filter>shared\ClanLib\Core\Math</Filter>
    </ClCompile>
    <ClCompile Include="..\..\shared\ClanLib-2.0\Sources\Core\Math\vec4.cpp">
      <Filter>shared\ClanLib\Core\Math</Filter>
    </ClCompile>
    <ClCompile Include="..\..\shared\Audio\AudioManager.cpp">
      <Filter>shared\Audio</Filter>
    </ClCompile>
    <ClCompile Include="..\..\shared\Audio\AudioManagerAndroid.cpp">
      <Filter>shared\Audio</Filter>
    </ClCompile>
    <ClCompile Include="..\..\shared\Audio\AudioManagerFMOD.cpp">
      <Filter>shared\Audio</Filter>
    </ClCompile>
    <ClCompile Include="..\..\shared\Network\NetHTTP.cpp">
      <Filter>shared\Network</Filter>
    </ClCompile>
    <ClCompile Include="..\..\shared\Network\NetSocket.cpp">
      <Filter>shared\Network</Filter>
    </ClCompile>
    <ClCompile Include="..\..\shared\Network\NetUtils.cpp">
      <Filter>shared\Network</Filter>
    </ClCompile>
    <ClCompile Include="..\..\shared\Math\rtPlane.cpp">
      <Filter>shared\Math</Filter>
    </ClCompile>
    <ClCompile Include="..\..\shared\Math\rtRect.cpp">
      <Filter>shared\Math</Filter>
    </ClCompile>
    <ClCompile Include="..\..\shared\Math\WeightRand.cpp">
      <Filter>shared\Math</Filter>
    </ClCompile>
    <ClCompile Include="..\..\shared\android\AndroidApp.cpp">
      <Filter>shared\android</Filter>
    </ClCompile>
    <ClCompile Include="..\..\shared\android\AndroidUtils.cpp">
      <Filter>shared\android</Filter>
    </ClCompile>
    <ClCompile Include="..\..\shared\FileSystem\FileManager.cpp">
      <Filter>shared\FileSystem</Filter>
    </ClCompile>
    <ClCompile Include="..\..\shared\FileSystem\FileSystem.cpp">
      <Filter>shared\FileSystem</Filter>
    </ClCompile>
    <ClCompile Include="..\..\shared\FileSystem\FileSystemZip.cpp">
      <Filter>shared\FileSystem</Filter>
    </ClCompile>
    <ClCompile Include="..\..\shared\FileSystem\StreamingInstance.cpp">
      <Filter>shared\FileSystem</Filter>
    </ClCompile>
    <ClCompile Include="..\..\shared\FileSystem\StreamingInstanceFile.cpp">
      <Filter>shared\FileSystem</Filter>
    </ClCompile>
    <ClCompile Include="..\..\shared\FileSystem\StreamingInstanceZip.cpp">
      <Filter>shared\FileSystem</Filter>
    </ClCompile>
    <ClCompile Include="..\..\shared\Gamepad\Gamepad.cpp">
      <Filter>shared\Gamepad</Filter>
    </ClCompile>
    <ClCompile Include="..\..\shared\Gamepad\GamepadDirectX.cpp">
      <Filter>shared\Gamepad</Filter>
    </ClCompile>
    <ClCompile Include="..\..\shared\Gamepad\GamepadiCade.cpp">
      <Filter>shared\Gamepad</Filter>
    </ClCompile>
    <ClCompile Include="..\..\shared\Gamepad\GamepadManager.cpp">
      <Filter>shared\Gamepad</Filter>
    </ClCompile>
    <ClCompile Include="..\..\shared\Gamepad\GamepadProvider.cpp">
      <Filter>shared\Gamepad</Filter>
    </ClCompile>
    <ClCompile Include="..\..\shared\Gamepad\GamepadProviderDirectX.cpp">
      <Filter>shared\Gamepad</Filter>
    </ClCompile>
    <ClCompile Include="..\..\shared\Gamepad\GamepadProviderXInput.cpp">
      <Filter>shared\Gamepad</Filter>
    </ClCompile>
    <ClCompile Include="..\..\shared\Gamepad\GamepadXInput.cpp">
      <Filter>shared\Gamepad</Filter>
    </ClCompile>
    <ClCompile Include="..\..\shared\Entity\RenderScissorComponent.cpp">
      <Filter>shared\Entity\Component</Filter>
    </ClCompile>
    <ClCompile Include="..\source\GUI\ControllerTestMenu.cpp">
      <Filter>source\GUI</Filter>
    </ClCompile>
    <ClCompile Include="..\source\GUI\IntroMenu.cpp">
      <Filter>source\GUI</Filter>
    </ClCompile>
    <ClCompile Include="..\..\shared\Entity\LogDisplayComponent.cpp">
      <Filter>shared\Entity\Component</Filter>
    </ClCompile>
    <ClCompile Include="..\..\shared\Entity\TouchDragComponent.cpp">
      <Filter>shared\Entity\Component</Filter>
    </ClCompile>
    <ClCompile Include="..\..\shared\Audio\AudioManagerSDL.cpp">
      <Filter>shared\Audio</Filter>
    </ClCompile>
    <ClCompile Include="..\..\shared\Audio\AudioManagerAudiere.cpp">
      <Filter>shared\Audio</Filter>
    </ClCompile>
    <ClCompile Include="..\..\shared\SDL\SDL2Main.cpp">
      <Filter>shared\SDL</Filter>
    </ClCompile>
    <ClCompile Include="..\..\shared\Gamepad\GamepadProviderPSP2.cpp">
      <Filter>shared\Gamepad</Filter>
    </ClCompile>
    <ClCompile Include="..\..\shared\Gamepad\GamepadPSP2.cpp">
      <Filter>shared\Gamepad</Filter>
    </ClCompile>
    <ClCompile Include="..\..\shared\Gamepad\GamepadProviderSDL2.cpp">
      <Filter>shared</Filter>
    </ClCompile>
    <ClCompile Include="..\..\shared\Gamepad\GamepadSDL2.cpp">
      <Filter>shared\Gamepad</Filter>
    </ClCompile>
  </ItemGroup>
  <ItemGroup>
    <ClInclude Include="..\source\App.h">
      <Filter>source</Filter>
    </ClInclude>
    <ClInclude Include="..\..\shared\win\app\main.h">
      <Filter>source</Filter>
    </ClInclude>
    <ClInclude Include="..\source\GUI\AboutMenu.h">
      <Filter>source\GUI</Filter>
    </ClInclude>
    <ClInclude Include="..\source\GUI\GameMenu.h">
      <Filter>source\GUI</Filter>
    </ClInclude>
    <ClInclude Include="..\source\GUI\MainMenu.h">
      <Filter>source\GUI</Filter>
    </ClInclude>
    <ClInclude Include="..\source\Component\BuildingComponent.h">
      <Filter>source\Component</Filter>
    </ClInclude>
    <ClInclude Include="..\source\Component\CharComponent.h">
      <Filter>source\Component</Filter>
    </ClInclude>
    <ClInclude Include="..\source\Component\CharManagerComponent.h">
      <Filter>source\Component</Filter>
    </ClInclude>
    <ClInclude Include="..\source\Component\ExplosionComponent.h">
      <Filter>source\Component</Filter>
    </ClInclude>
    <ClInclude Include="..\source\Component\OverlayRenderComponentSpy.h">
      <Filter>source\Component</Filter>
    </ClInclude>
    <ClInclude Include="..\..\shared\BaseApp.h">
      <Filter>shared</Filter>
    </ClInclude>
    <ClInclude Include="..\..\shared\platformenums.h">
      <Filter>shared</Filter>
    </ClInclude>
    <ClInclude Include="..\..\shared\PlatformPrecomp.h">
      <Filter>shared</Filter>
    </ClInclude>
    <ClInclude Include="..\..\shared\PlatformSetup.h">
      <Filter>shared</Filter>
    </ClInclude>
    <ClInclude Include="..\..\shared\win\MemMgr.h">
      <Filter>shared\win</Filter>
    </ClInclude>
    <ClInclude Include="..\..\shared\win\PlatformSetupWin.h">
      <Filter>shared\win</Filter>
    </ClInclude>
    <ClInclude Include="..\..\shared\win\WinUtils.h">
      <Filter>shared\win</Filter>
    </ClInclude>
    <ClInclude Include="..\..\shared\util\CRandom.h">
      <Filter>shared\util</Filter>
    </ClInclude>
    <ClInclude Include="..\..\shared\win\powerVR\OGLES\Include\GLES\egl.h">
      <Filter>shared\util</Filter>
    </ClInclude>
    <ClInclude Include="..\..\shared\Entity\EntityUtils.h">
      <Filter>shared\util</Filter>
    </ClInclude>
    <ClInclude Include="..\..\shared\win\powerVR\OGLES\Include\GLES\gl.h">
      <Filter>shared\util</Filter>
    </ClInclude>
    <ClInclude Include="..\..\shared\util\GLESUtils.h">
      <Filter>shared\util</Filter>
    </ClInclude>
    <ClInclude Include="..\..\shared\util\MathUtils.h">
      <Filter>shared\util</Filter>
    </ClInclude>
    <ClInclude Include="..\..\shared\util\MiscUtils.h">
      <Filter>shared\util</Filter>
    </ClInclude>
    <ClInclude Include="..\..\shared\util\PrimeSearch.h">
      <Filter>shared\util</Filter>
    </ClInclude>
    <ClInclude Include="..\..\shared\util\RenderUtils.h">
      <Filter>shared\util</Filter>
    </ClInclude>
    <ClInclude Include="..\..\shared\util\ResourceUtils.h">
      <Filter>shared\util</Filter>
    </ClInclude>
    <ClInclude Include="..\..\shared\util\RTFileFormat.h">
      <Filter>shared\util</Filter>
    </ClInclude>
    <ClInclude Include="..\..\shared\util\TextScanner.h">
      <Filter>shared\util</Filter>
    </ClInclude>
    <ClInclude Include="..\..\shared\util\Variant.h">
      <Filter>shared\util</Filter>
    </ClInclude>
    <ClInclude Include="..\..\shared\util\unzip\crypt.h">
      <Filter>shared\util\unzip</Filter>
    </ClInclude>
    <ClInclude Include="..\..\shared\util\unzip\ioapi.h">
      <Filter>shared\util\unzip</Filter>
    </ClInclude>
    <ClInclude Include="..\..\shared\util\unzip\unzip.h">
      <Filter>shared\util\unzip</Filter>
    </ClInclude>
    <ClInclude Include="..\..\shared\iOS\iOSUtils.h">
      <Filter>shared\iOS</Filter>
    </ClInclude>
    <ClInclude Include="..\..\shared\iOS\PlatformSetupIOS.h">
      <Filter>shared\iOS</Filter>
    </ClInclude>
    <ClInclude Include="..\..\shared\iOS\app\EAGLView.h">
      <Filter>shared\iOS\app</Filter>
    </ClInclude>
    <ClInclude Include="..\..\shared\iOS\app\MyAppDelegate.h">
      <Filter>shared\iOS\app</Filter>
    </ClInclude>
    <ClInclude Include="..\..\shared\iOS\app\MyViewController.h">
      <Filter>shared\iOS\app</Filter>
    </ClInclude>
    <ClInclude Include="..\..\shared\Manager\Console.h">
      <Filter>shared\Manager</Filter>
    </ClInclude>
    <ClInclude Include="..\..\shared\Manager\GameTimer.h">
      <Filter>shared\Manager</Filter>
    </ClInclude>
    <ClInclude Include="..\..\shared\Manager\MessageManager.h">
      <Filter>shared\Manager</Filter>
    </ClInclude>
    <ClInclude Include="..\..\shared\Manager\ResourceManager.h">
      <Filter>shared\Manager</Filter>
    </ClInclude>
    <ClInclude Include="..\..\shared\Manager\VariantDB.h">
      <Filter>shared\Manager</Filter>
    </ClInclude>
    <ClInclude Include="..\..\shared\Renderer\bitmap.h">
      <Filter>shared\Renderer</Filter>
    </ClInclude>
    <ClInclude Include="..\..\shared\Renderer\RenderBatcher.h">
      <Filter>shared\Renderer</Filter>
    </ClInclude>
    <ClInclude Include="..\..\shared\Renderer\RTGLESExt.h">
      <Filter>shared\Renderer</Filter>
    </ClInclude>
    <ClInclude Include="..\..\shared\Renderer\SoftSurface.h">
      <Filter>shared\Renderer</Filter>
    </ClInclude>
    <ClInclude Include="..\..\shared\Renderer\Surface.h">
      <Filter>shared\Renderer</Filter>
    </ClInclude>
    <ClInclude Include="..\..\shared\Renderer\SurfaceAnim.h">
      <Filter>shared\Renderer</Filter>
    </ClInclude>
    <ClInclude Include="..\..\shared\Renderer\linearparticle\sources\L_Defination.h">
      <Filter>shared\Renderer\LinearParticle</Filter>
    </ClInclude>
    <ClInclude Include="..\..\shared\Renderer\linearparticle\sources\L_DroppingEffect.h">
      <Filter>shared\Renderer\LinearParticle</Filter>
    </ClInclude>
    <ClInclude Include="..\..\shared\Renderer\linearparticle\sources\L_EffectEmitter.h">
      <Filter>shared\Renderer\LinearParticle</Filter>
    </ClInclude>
    <ClInclude Include="..\..\shared\Renderer\linearparticle\sources\L_EffectManager.h">
      <Filter>shared\Renderer\LinearParticle</Filter>
    </ClInclude>
    <ClInclude Include="..\..\shared\Renderer\linearparticle\sources\L_ExplosionEffect.h">
      <Filter>shared\Renderer\LinearParticle</Filter>
    </ClInclude>
    <ClInclude Include="..\..\shared\Renderer\linearparticle\sources\L_MotionController.h">
      <Filter>shared\Renderer\LinearParticle</Filter>
    </ClInclude>
    <ClInclude Include="..\..\shared\Renderer\linearparticle\sources\L_Particle.h">
      <Filter>shared\Renderer\LinearParticle</Filter>
    </ClInclude>
    <ClInclude Include="..\..\shared\Renderer\linearparticle\sources\L_ParticleEffect.h">
      <Filter>shared\Renderer\LinearParticle</Filter>
    </ClInclude>
    <ClInclude Include="..\..\shared\Renderer\linearparticle\sources\L_ParticleMem.h">
      <Filter>shared\Renderer\LinearParticle</Filter>
    </ClInclude>
    <ClInclude Include="..\..\shared\Renderer\linearparticle\sources\L_ParticleSystem.h">
      <Filter>shared\Renderer\LinearParticle</Filter>
    </ClInclude>
    <ClInclude Include="..\..\shared\Renderer\linearparticle\sources\L_ShootingEffect.h">
      <Filter>shared\Renderer\LinearParticle</Filter>
    </ClInclude>
    <ClInclude Include="..\..\shared\Renderer\LinearParticle.h">
      <Filter>shared\Renderer\LinearParticle</Filter>
    </ClInclude>
    <ClInclude Include="..\..\shared\GUI\RTFont.h">
      <Filter>shared\GUI</Filter>
    </ClInclude>
    <ClInclude Include="..\..\shared\GUI\RTFontFileFormat.h">
      <Filter>shared\GUI</Filter>
    </ClInclude>
    <ClInclude Include="..\..\shared\Entity\Component.h">
      <Filter>shared\Entity</Filter>
    </ClInclude>
    <ClInclude Include="..\..\shared\Entity\Entity.h">
      <Filter>shared\Entity</Filter>
    </ClInclude>
    <ClInclude Include="..\..\shared\Entity\ArcadeInputComponent.h">
      <Filter>shared\Entity\Component</Filter>
    </ClInclude>
    <ClInclude Include="..\..\shared\Entity\Button2DComponent.h">
      <Filter>shared\Entity\Component</Filter>
    </ClInclude>
    <ClInclude Include="..\..\shared\Entity\CustomInputComponent.h">
      <Filter>shared\Entity\Component</Filter>
    </ClInclude>
    <ClInclude Include="..\..\shared\Entity\DPadComponent.h">
      <Filter>shared\Entity\Component</Filter>
    </ClInclude>
    <ClInclude Include="..\..\shared\Entity\EmitVirtualKeyComponent.h">
      <Filter>shared\Entity\Component</Filter>
    </ClInclude>
    <ClInclude Include="..\..\shared\Entity\FilterInputComponent.h">
      <Filter>shared\Entity\Component</Filter>
    </ClInclude>
    <ClInclude Include="..\..\shared\Entity\FocusInputComponent.h">
      <Filter>shared\Entity\Component</Filter>
    </ClInclude>
    <ClInclude Include="..\..\shared\Entity\FocusRenderComponent.h">
      <Filter>shared\Entity\Component</Filter>
    </ClInclude>
    <ClInclude Include="..\..\shared\Entity\FocusUpdateComponent.h">
      <Filter>shared\Entity\Component</Filter>
    </ClInclude>
    <ClInclude Include="..\..\shared\Entity\HTTPComponent.h">
      <Filter>shared\Entity\Component</Filter>
    </ClInclude>
    <ClInclude Include="..\..\shared\Entity\InputTextRenderComponent.h">
      <Filter>shared\Entity\Component</Filter>
    </ClInclude>
    <ClInclude Include="..\..\shared\Entity\InterpolateComponent.h">
      <Filter>shared\Entity\Component</Filter>
    </ClInclude>
    <ClInclude Include="..\..\shared\Entity\OverlayRenderComponent.h">
      <Filter>shared\Entity\Component</Filter>
    </ClInclude>
    <ClInclude Include="..\..\shared\Entity\ProgressBarComponent.h">
      <Filter>shared\Entity\Component</Filter>
    </ClInclude>
    <ClInclude Include="..\..\shared\Entity\RectRenderComponent.h">
      <Filter>shared\Entity\Component</Filter>
    </ClInclude>
    <ClInclude Include="..\..\shared\Entity\ScrollBarRenderComponent.h">
      <Filter>shared\Entity\Component</Filter>
    </ClInclude>
    <ClInclude Include="..\..\shared\Entity\ScrollComponent.h">
      <Filter>shared\Entity\Component</Filter>
    </ClInclude>
    <ClInclude Include="..\..\shared\Entity\SelectButtonWithCustomInputComponent.h">
      <Filter>shared\Entity\Component</Filter>
    </ClInclude>
    <ClInclude Include="..\..\shared\Entity\SliderComponent.h">
      <Filter>shared\Entity\Component</Filter>
    </ClInclude>
    <ClInclude Include="..\..\shared\Entity\TapSequenceDetectComponent.h">
      <Filter>shared\Entity\Component</Filter>
    </ClInclude>
    <ClInclude Include="..\..\shared\Entity\TextBoxRenderComponent.h">
      <Filter>shared\Entity\Component</Filter>
    </ClInclude>
    <ClInclude Include="..\..\shared\Entity\TextRenderComponent.h">
      <Filter>shared\Entity\Component</Filter>
    </ClInclude>
    <ClInclude Include="..\..\shared\Entity\TouchHandlerComponent.h">
      <Filter>shared\Entity\Component</Filter>
    </ClInclude>
    <ClInclude Include="..\..\shared\Entity\TouchStripComponent.h">
      <Filter>shared\Entity\Component</Filter>
    </ClInclude>
    <ClInclude Include="..\..\shared\Entity\TrailRenderComponent.h">
      <Filter>shared\Entity\Component</Filter>
    </ClInclude>
    <ClInclude Include="..\..\shared\Entity\TyperComponent.h">
      <Filter>shared\Entity\Component</Filter>
    </ClInclude>
    <ClInclude Include="..\..\shared\Entity\UnderlineRenderComponent.h">
      <Filter>shared\Entity\Component</Filter>
    </ClInclude>
    <ClInclude Include="..\..\shared\Audio\AudioManager.h">
      <Filter>shared\Audio</Filter>
    </ClInclude>
    <ClInclude Include="..\..\shared\Audio\AudioManagerAndroid.h">
      <Filter>shared\Audio</Filter>
    </ClInclude>
    <ClInclude Include="..\..\shared\Audio\AudioManagerOS.h">
      <Filter>shared\Audio</Filter>
    </ClInclude>
    <ClInclude Include="..\..\shared\Network\NetHTTP.h">
      <Filter>shared\Network</Filter>
    </ClInclude>
    <ClInclude Include="..\..\shared\Network\NetSocket.h">
      <Filter>shared\Network</Filter>
    </ClInclude>
    <ClInclude Include="..\..\shared\Network\NetUtils.h">
      <Filter>shared\Network</Filter>
    </ClInclude>
    <ClInclude Include="..\..\shared\Math\rtPlane.h">
      <Filter>shared\Math</Filter>
    </ClInclude>
    <ClInclude Include="..\..\shared\Math\rtRect.h">
      <Filter>shared\Math</Filter>
    </ClInclude>
    <ClInclude Include="..\..\shared\Math\WeightRand.h">
      <Filter>shared\Math</Filter>
    </ClInclude>
    <ClInclude Include="..\..\shared\android\AndroidUtils.h">
      <Filter>shared\android</Filter>
    </ClInclude>
    <ClInclude Include="..\..\shared\android\PlatformSetupAndroid.h">
      <Filter>shared\android</Filter>
    </ClInclude>
    <ClInclude Include="..\..\shared\FileSystem\FileManager.h">
      <Filter>shared\FileSystem</Filter>
    </ClInclude>
    <ClInclude Include="..\..\shared\FileSystem\FileSystem.h">
      <Filter>shared\FileSystem</Filter>
    </ClInclude>
    <ClInclude Include="..\..\shared\FileSystem\FileSystemZip.h">
      <Filter>shared\FileSystem</Filter>
    </ClInclude>
    <ClInclude Include="..\..\shared\FileSystem\StreamingInstance.h">
      <Filter>shared\FileSystem</Filter>
    </ClInclude>
    <ClInclude Include="..\..\shared\FileSystem\StreamingInstanceFile.h">
      <Filter>shared\FileSystem</Filter>
    </ClInclude>
    <ClInclude Include="..\..\shared\FileSystem\StreamingInstanceZip.h">
      <Filter>shared\FileSystem</Filter>
    </ClInclude>
    <ClInclude Include="..\..\shared\OSX\OSXUtils.h">
      <Filter>shared\OSX</Filter>
    </ClInclude>
    <ClInclude Include="..\..\shared\OSX\PlatformSetupOSX.h">
      <Filter>shared\OSX</Filter>
    </ClInclude>
    <ClInclude Include="..\..\shared\OSX\app\MainController.h">
      <Filter>shared\OSX\app</Filter>
    </ClInclude>
    <ClInclude Include="..\..\shared\OSX\app\MyApplication.h">
      <Filter>shared\OSX\app</Filter>
    </ClInclude>
    <ClInclude Include="..\..\shared\OSX\app\MyOpenGLView.h">
      <Filter>shared\OSX\app</Filter>
    </ClInclude>
    <ClInclude Include="..\..\shared\Gamepad\Gamepad.h">
      <Filter>shared\Gamepad</Filter>
    </ClInclude>
    <ClInclude Include="..\..\shared\Gamepad\Gamepad60Beat.h">
      <Filter>shared\Gamepad</Filter>
    </ClInclude>
    <ClInclude Include="..\..\shared\Gamepad\GamepadDirectX.h">
      <Filter>shared\Gamepad</Filter>
    </ClInclude>
    <ClInclude Include="..\..\shared\Gamepad\GamepadiCade.h">
      <Filter>shared\Gamepad</Filter>
    </ClInclude>
    <ClInclude Include="..\..\shared\Gamepad\GamepadIOS.h">
      <Filter>shared\Gamepad</Filter>
    </ClInclude>
    <ClInclude Include="..\..\shared\Gamepad\GamepadManager.h">
      <Filter>shared\Gamepad</Filter>
    </ClInclude>
    <ClInclude Include="..\..\shared\Gamepad\GamepadProvider.h">
      <Filter>shared\Gamepad</Filter>
    </ClInclude>
    <ClInclude Include="..\..\shared\Gamepad\GamepadProviderDirectX.h">
      <Filter>shared\Gamepad</Filter>
    </ClInclude>
    <ClInclude Include="..\..\shared\Gamepad\GamepadProviderIOS.h">
      <Filter>shared\Gamepad</Filter>
    </ClInclude>
    <ClInclude Include="..\..\shared\Gamepad\GamepadProviderXInput.h">
      <Filter>shared\Gamepad</Filter>
    </ClInclude>
    <ClInclude Include="..\..\shared\Gamepad\GamepadXInput.h">
      <Filter>shared\Gamepad</Filter>
    </ClInclude>
    <ClInclude Include="..\..\shared\Entity\RenderScissorComponent.h">
      <Filter>shared\Entity\Component</Filter>
    </ClInclude>
    <ClInclude Include="..\source\GUI\ControllerTestMenu.h">
      <Filter>source\GUI</Filter>
    </ClInclude>
    <ClInclude Include="..\source\GUI\IntroMenu.h">
      <Filter>source\GUI</Filter>
    </ClInclude>
    <ClInclude Include="..\..\shared\Entity\LogDisplayComponent.h">
      <Filter>shared\Entity\Component</Filter>
    </ClInclude>
    <ClInclude Include="..\..\shared\Entity\TouchDragComponent.h">
      <Filter>shared\Entity\Component</Filter>
    </ClInclude>
    <ClInclude Include="..\..\shared\Gamepad\GamepadProvider60Beat.h">
      <Filter>shared\Gamepad</Filter>
    </ClInclude>
    <ClInclude Include="..\..\shared\Gamepad\GamepadProvider60BeatNative.h">
      <Filter>shared\Gamepad</Filter>
    </ClInclude>
    <ClInclude Include="..\..\shared\Gamepad\GamepadProviderIOSNative.h">
      <Filter>shared\Gamepad</Filter>
    </ClInclude>
    <ClInclude Include="..\..\shared\Audio\AudioManagerSDL.h">
      <Filter>shared\Audio</Filter>
    </ClInclude>
    <ClInclude Include="..\..\shared\Audio\AudioManagerAudiere.h">
      <Filter>shared\Audio</Filter>
    </ClInclude>
    <ClInclude Include="..\..\shared\Gamepad\GamepadProviderPSP2.h">
      <Filter>shared\Gamepad</Filter>
    </ClInclude>
    <ClInclude Include="..\..\shared\Gamepad\GamepadPSP2.h">
      <Filter>shared\Gamepad</Filter>
    </ClInclude>
    <ClInclude Include="..\..\shared\Gamepad\GamepadProviderSDL2.h">
      <Filter>shared</Filter>
    </ClInclude>
    <ClInclude Include="..\..\shared\Gamepad\GamepadSDL2.h">
      <Filter>shared\Gamepad</Filter>
    </ClInclude>
    <ClInclude Include="..\..\shared\SDL\SDL2Main.h">
      <Filter>shared\SDL</Filter>
    </ClInclude>
  </ItemGroup>
  <ItemGroup>
    <None Include="..\android\jni\Android.mk">
      <Filter>source\Platform\android</Filter>
    </None>
    <None Include="..\android\AndroidManifest.xml">
      <Filter>source\Platform\android</Filter>
    </None>
    <None Include="..\android\app_info_setup.bat">
      <Filter>source\Platform\android</Filter>
    </None>
    <None Include="..\android\build.bat">
      <Filter>source\Platform\android</Filter>
    </None>
    <None Include="..\android\build.sh">
      <Filter>source\Platform\android</Filter>
    </None>
    <None Include="..\android\build.xml">
      <Filter>source\Platform\android</Filter>
    </None>
    <None Include="..\android\src\com\rtsoft\RTLooneyLadders\Main.java">
      <Filter>source\Platform\android</Filter>
    </None>
    <None Include="..\android\proguard\config.txt">
      <Filter>source\Platform\android\proguard</Filter>
    </None>
    <None Include="..\OSX\RTLooneyLadders-Info.plist">
      <Filter>source\Platform\OSX</Filter>
    </None>
    <None Include="..\Info.plist">
      <Filter>source\Platform\iOS</Filter>
    </None>
    <None Include="..\..\shared\iOS\iOSUtils.mm">
      <Filter>shared\iOS</Filter>
    </None>
    <None Include="..\..\shared\iOS\app\EAGLView.mm">
      <Filter>shared\iOS\app</Filter>
    </None>
    <None Include="..\..\shared\iOS\app\main.mm">
      <Filter>shared\iOS\app</Filter>
    </None>
    <None Include="..\..\shared\iOS\app\MyAppDelegate.mm">
      <Filter>shared\iOS\app</Filter>
    </None>
    <None Include="..\..\shared\iOS\app\MyViewController.mm">
      <Filter>shared\iOS\app</Filter>
    </None>
    <None Include="..\..\shared\android\src\com\rtsoft\shared\SharedActivity.java">
      <Filter>shared\android\app</Filter>
    </None>
    <None Include="..\..\shared\android\src\com\rtsoft\shared\SharedMultiTouchInput.java">
      <Filter>shared\android\app</Filter>
    </None>
    <None Include="..\..\shared\OSX\OSXUtils.mm">
      <Filter>shared\OSX</Filter>
    </None>
    <None Include="..\..\shared\OSX\app\main.m">
      <Filter>shared\OSX\app</Filter>
    </None>
    <None Include="..\..\shared\OSX\app\MainController.mm">
      <Filter>shared\OSX\app</Filter>
    </None>
    <None Include="..\..\shared\OSX\app\MyApplication.m">
      <Filter>shared\OSX\app</Filter>
    </None>
    <None Include="..\..\shared\OSX\app\MyOpenGLView.mm">
      <Filter>shared\OSX\app</Filter>
    </None>
    <None Include="..\..\license.txt" />
    <None Include="..\..\Programmer Readme.txt" />
    <None Include="..\..\shared\Gamepad\Gamepad60Beat.mm">
      <Filter>shared\Gamepad</Filter>
    </None>
    <None Include="..\..\shared\Gamepad\GamepadIOS.mm">
      <Filter>shared\Gamepad</Filter>
    </None>
    <None Include="..\..\shared\Gamepad\GamepadProviderIOS.mm">
      <Filter>shared\Gamepad</Filter>
    </None>
    <None Include="..\..\shared\Gamepad\GamepadProvider60Beat.mm">
      <Filter>shared\Gamepad</Filter>
    </None>
    <None Include="..\..\shared\Gamepad\GamepadProvider60BeatNative.mm">
      <Filter>shared\Gamepad</Filter>
    </None>
    <None Include="..\..\shared\Gamepad\GamepadProviderIOSNative.mm">
      <Filter>shared\Gamepad</Filter>
    </None>
    <None Include="..\linux\linux_compile.sh">
      <Filter>source\Platform\Linux</Filter>
    </None>
    <None Include="..\..\shared\linux\Proton.cmake">
      <Filter>shared\Linux</Filter>
    </None>
  </ItemGroup>
  <ItemGroup>
    <CustomBuildStep Include="..\..\shared\Entity\TemplateComponent.h">
      <Filter>shared\Entity\Component</Filter>
    </CustomBuildStep>
    <CustomBuildStep Include="..\..\shared\Audio\AudioManagerFMOD.h">
      <Filter>shared\Audio</Filter>
    </CustomBuildStep>
    <CustomBuildStep Include="..\..\shared\Audio\AudioManagerOS.mm">
      <Filter>shared\Audio</Filter>
    </CustomBuildStep>
  </ItemGroup>
  <ItemGroup>
    <Text Include="..\linux\CMakeLists.txt">
      <Filter>source\Platform\Linux</Filter>
    </Text>
  </ItemGroup>
</Project>